
Microsoft Visual Studio Solution File, Format Version 12.00
# Visual Studio 15
VisualStudioVersion = 15.0.28307.329
MinimumVisualStudioVersion = 10.0.40219.1
Project("{FAE04EC0-301F-11D3-BF4B-00C04F79EFBC}") = "C_Sharp_Light7", "C_Sharp_Light7\C_Sharp_Light7.csproj", "{A54183EB-0B09-47FF-BABB-F17AD4BE23C8}"
EndProject
Global
	GlobalSection(SolutionConfigurationPlatforms) = preSolution
		Debug|Any CPU = Debug|Any CPU
		Release|Any CPU = Release|Any CPU
	EndGlobalSection
	GlobalSection(ProjectConfigurationPlatforms) = postSolution
		{A54183EB-0B09-47FF-BABB-F17AD4BE23C8}.Debug|Any CPU.ActiveCfg = Debug|Any CPU
		{A54183EB-0B09-47FF-BABB-F17AD4BE23C8}.Debug|Any CPU.Build.0 = Debug|Any CPU
		{A54183EB-0B09-47FF-BABB-F17AD4BE23C8}.Release|Any CPU.ActiveCfg = Release|Any CPU
		{A54183EB-0B09-47FF-BABB-F17AD4BE23C8}.Release|Any CPU.Build.0 = Release|Any CPU
	EndGlobalSection
	GlobalSection(SolutionProperties) = preSolution
		HideSolutionNode = FALSE
	EndGlobalSection
	GlobalSection(ExtensibilityGlobals) = postSolution
		SolutionGuid = {177CD4AC-EE7A-48CB-BFAA-BA4A102FAD46}
	EndGlobalSection
EndGlobal
