
Microsoft Visual Studio Solution File, Format Version 12.00
# Visual Studio 15
VisualStudioVersion = 15.0.28307.329
MinimumVisualStudioVersion = 10.0.40219.1
Project("{FAE04EC0-301F-11D3-BF4B-00C04F79EFBC}") = "C_Sharp_Light7", "C_Sharp_Light7\C_Sharp_Light7.csproj", "{A54183EB-0B09-47FF-BABB-F17AD4BE23C8}"
EndProject
Project("{FAE04EC0-301F-11D3-BF4B-00C04F79EFBC}") = "Task1", "Task1\Task1.csproj", "{F79B825C-7485-4F49-AF44-6C8B8B25FDD7}"
EndProject
Project("{FAE04EC0-301F-11D3-BF4B-00C04F79EFBC}") = "Task2", "Task2\Task2.csproj", "{09AE755D-D6D3-4858-8886-9E665ADAB884}"
EndProject
Project("{FAE04EC0-301F-11D3-BF4B-00C04F79EFBC}") = "Task3", "Task3\Task3.csproj", "{0B9ED0E7-4E00-46CC-B911-835FF5949614}"
EndProject
Project("{FAE04EC0-301F-11D3-BF4B-00C04F79EFBC}") = "Task4", "Task4\Task4.csproj", "{617CCC10-83E8-470A-8D55-F81F627C1966}"
EndProject
Project("{FAE04EC0-301F-11D3-BF4B-00C04F79EFBC}") = "Task5", "Task5\Task5.csproj", "{CBA10CFD-9C26-4FBF-9D63-15B3EA3BEE1C}"
EndProject
Project("{FAE04EC0-301F-11D3-BF4B-00C04F79EFBC}") = "Task6", "Task6\Task6.csproj", "{21C5AB05-4F0B-4DD4-8A5F-787455FADD3B}"
EndProject
Project("{FAE04EC0-301F-11D3-BF4B-00C04F79EFBC}") = "Task7", "Task7\Task7.csproj", "{C387D272-2DED-4028-90A7-80F1D561F374}"
EndProject
Project("{FAE04EC0-301F-11D3-BF4B-00C04F79EFBC}") = "Task8", "Task8\Task8.csproj", "{F9A7001B-3C5A-4719-95F5-9A721F1C3422}"
EndProject
Global
	GlobalSection(SolutionConfigurationPlatforms) = preSolution
		Debug|Any CPU = Debug|Any CPU
		Release|Any CPU = Release|Any CPU
	EndGlobalSection
	GlobalSection(ProjectConfigurationPlatforms) = postSolution
		{A54183EB-0B09-47FF-BABB-F17AD4BE23C8}.Debug|Any CPU.ActiveCfg = Debug|Any CPU
		{A54183EB-0B09-47FF-BABB-F17AD4BE23C8}.Debug|Any CPU.Build.0 = Debug|Any CPU
		{A54183EB-0B09-47FF-BABB-F17AD4BE23C8}.Release|Any CPU.ActiveCfg = Release|Any CPU
		{A54183EB-0B09-47FF-BABB-F17AD4BE23C8}.Release|Any CPU.Build.0 = Release|Any CPU
		{F79B825C-7485-4F49-AF44-6C8B8B25FDD7}.Debug|Any CPU.ActiveCfg = Debug|Any CPU
		{F79B825C-7485-4F49-AF44-6C8B8B25FDD7}.Debug|Any CPU.Build.0 = Debug|Any CPU
		{F79B825C-7485-4F49-AF44-6C8B8B25FDD7}.Release|Any CPU.ActiveCfg = Release|Any CPU
		{F79B825C-7485-4F49-AF44-6C8B8B25FDD7}.Release|Any CPU.Build.0 = Release|Any CPU
		{09AE755D-D6D3-4858-8886-9E665ADAB884}.Debug|Any CPU.ActiveCfg = Debug|Any CPU
		{09AE755D-D6D3-4858-8886-9E665ADAB884}.Debug|Any CPU.Build.0 = Debug|Any CPU
		{09AE755D-D6D3-4858-8886-9E665ADAB884}.Release|Any CPU.ActiveCfg = Release|Any CPU
		{09AE755D-D6D3-4858-8886-9E665ADAB884}.Release|Any CPU.Build.0 = Release|Any CPU
		{0B9ED0E7-4E00-46CC-B911-835FF5949614}.Debug|Any CPU.ActiveCfg = Debug|Any CPU
		{0B9ED0E7-4E00-46CC-B911-835FF5949614}.Debug|Any CPU.Build.0 = Debug|Any CPU
		{0B9ED0E7-4E00-46CC-B911-835FF5949614}.Release|Any CPU.ActiveCfg = Release|Any CPU
		{0B9ED0E7-4E00-46CC-B911-835FF5949614}.Release|Any CPU.Build.0 = Release|Any CPU
		{617CCC10-83E8-470A-8D55-F81F627C1966}.Debug|Any CPU.ActiveCfg = Debug|Any CPU
		{617CCC10-83E8-470A-8D55-F81F627C1966}.Debug|Any CPU.Build.0 = Debug|Any CPU
		{617CCC10-83E8-470A-8D55-F81F627C1966}.Release|Any CPU.ActiveCfg = Release|Any CPU
		{617CCC10-83E8-470A-8D55-F81F627C1966}.Release|Any CPU.Build.0 = Release|Any CPU
		{CBA10CFD-9C26-4FBF-9D63-15B3EA3BEE1C}.Debug|Any CPU.ActiveCfg = Debug|Any CPU
		{CBA10CFD-9C26-4FBF-9D63-15B3EA3BEE1C}.Debug|Any CPU.Build.0 = Debug|Any CPU
		{CBA10CFD-9C26-4FBF-9D63-15B3EA3BEE1C}.Release|Any CPU.ActiveCfg = Release|Any CPU
		{CBA10CFD-9C26-4FBF-9D63-15B3EA3BEE1C}.Release|Any CPU.Build.0 = Release|Any CPU
		{21C5AB05-4F0B-4DD4-8A5F-787455FADD3B}.Debug|Any CPU.ActiveCfg = Debug|Any CPU
		{21C5AB05-4F0B-4DD4-8A5F-787455FADD3B}.Debug|Any CPU.Build.0 = Debug|Any CPU
		{21C5AB05-4F0B-4DD4-8A5F-787455FADD3B}.Release|Any CPU.ActiveCfg = Release|Any CPU
		{21C5AB05-4F0B-4DD4-8A5F-787455FADD3B}.Release|Any CPU.Build.0 = Release|Any CPU
		{C387D272-2DED-4028-90A7-80F1D561F374}.Debug|Any CPU.ActiveCfg = Debug|Any CPU
		{C387D272-2DED-4028-90A7-80F1D561F374}.Debug|Any CPU.Build.0 = Debug|Any CPU
		{C387D272-2DED-4028-90A7-80F1D561F374}.Release|Any CPU.ActiveCfg = Release|Any CPU
		{C387D272-2DED-4028-90A7-80F1D561F374}.Release|Any CPU.Build.0 = Release|Any CPU
		{F9A7001B-3C5A-4719-95F5-9A721F1C3422}.Debug|Any CPU.ActiveCfg = Debug|Any CPU
		{F9A7001B-3C5A-4719-95F5-9A721F1C3422}.Debug|Any CPU.Build.0 = Debug|Any CPU
		{F9A7001B-3C5A-4719-95F5-9A721F1C3422}.Release|Any CPU.ActiveCfg = Release|Any CPU
		{F9A7001B-3C5A-4719-95F5-9A721F1C3422}.Release|Any CPU.Build.0 = Release|Any CPU
	EndGlobalSection
	GlobalSection(SolutionProperties) = preSolution
		HideSolutionNode = FALSE
	EndGlobalSection
	GlobalSection(ExtensibilityGlobals) = postSolution
		SolutionGuid = {177CD4AC-EE7A-48CB-BFAA-BA4A102FAD46}
	EndGlobalSection
EndGlobal
